Microsoft Visual Studio Solution File, Format Version 12.00
# Visual Studio Version 17
VisualStudioVersion = 17.5.2.0
MinimumVisualStudioVersion = 10.0.40219.1
Project("{FAE04EC0-301F-11D3-BF4B-00C04F79EFBC}") = "KaufmaeischeRechnen", "KaufmaeischeRechnen.csproj", "{749F4DD8-21E1-3551-7E8F-ADCD538683A4}"
EndProject
Global
	GlobalSection(SolutionConfigurationPlatforms) = preSolution
		Debug|Any CPU = Debug|Any CPU
		Release|Any CPU = Release|Any CPU
	EndGlobalSection
	GlobalSection(ProjectConfigurationPlatforms) = postSolution
		{749F4DD8-21E1-3551-7E8F-ADCD538683A4}.Debug|Any CPU.ActiveCfg = Debug|Any CPU
		{749F4DD8-21E1-3551-7E8F-ADCD538683A4}.Debug|Any CPU.Build.0 = Debug|Any CPU
		{749F4DD8-21E1-3551-7E8F-ADCD538683A4}.Release|Any CPU.ActiveCfg = Release|Any CPU
		{749F4DD8-21E1-3551-7E8F-ADCD538683A4}.Release|Any CPU.Build.0 = Release|Any CPU
	EndGlobalSection
	GlobalSection(SolutionProperties) = preSolution
		HideSolutionNode = FALSE
	EndGlobalSection
	GlobalSection(ExtensibilityGlobals) = postSolution
		SolutionGuid = {435D3034-C34C-41BD-8F63-5D229FD07EC1}
	EndGlobalSection
EndGlobal
